// !$*UTF8*$!
{
	archiveVersion = 1;
	classes = {
	};
	objectVersion = 46;
	objects = {

/* Begin PBXBuildFile section */
		9A8D307B19DE9E3B003A6FAC /* pseudotcp_test.c in Sources */ = {isa = PBXBuildFile; fileRef = 9A8D307919DE9E3B003A6FAC /* pseudotcp_test.c */; };
		9A8D307C19DE9E3B003A6FAC /* main.c in Sources */ = {isa = PBXBuildFile; fileRef = 9A8D307A19DE9E3B003A6FAC /* main.c */; };
		9A8D308619DE9E53003A6FAC /* TestRun.c in Sources */ = {isa = PBXBuildFile; fileRef = 9A8D307E19DE9E53003A6FAC /* TestRun.c */; };
		9A8D308719DE9E53003A6FAC /* TestDB.c in Sources */ = {isa = PBXBuildFile; fileRef = 9A8D307F19DE9E53003A6FAC /* TestDB.c */; };
		9A8D308819DE9E53003A6FAC /* Automated.c in Sources */ = {isa = PBXBuildFile; fileRef = 9A8D308019DE9E53003A6FAC /* Automated.c */; };
		9A8D308919DE9E53003A6FAC /* Console.c in Sources */ = {isa = PBXBuildFile; fileRef = 9A8D308119DE9E53003A6FAC /* Console.c */; };
		9A8D308A19DE9E53003A6FAC /* MyMem.c in Sources */ = {isa = PBXBuildFile; fileRef = 9A8D308219DE9E53003A6FAC /* MyMem.c */; };
		9A8D308B19DE9E53003A6FAC /* Util.c in Sources */ = {isa = PBXBuildFile; fileRef = 9A8D308319DE9E53003A6FAC /* Util.c */; };
		9A8D308C19DE9E53003A6FAC /* Basic.c in Sources */ = {isa = PBXBuildFile; fileRef = 9A8D308419DE9E53003A6FAC /* Basic.c */; };
		9A8D308D19DE9E53003A6FAC /* CUError.c in Sources */ = {isa = PBXBuildFile; fileRef = 9A8D308519DE9E53003A6FAC /* CUError.c */; };
		9A8D30A319DE9E88003A6FAC /* pseudo_tcp_unittest.c in Sources */ = {isa = PBXBuildFile; fileRef = 9A8D309D19DE9E88003A6FAC /* pseudo_tcp_unittest.c */; };
		9A8D30A419DE9E88003A6FAC /* message_queue.c in Sources */ = {isa = PBXBuildFile; fileRef = 9A8D309E19DE9E88003A6FAC /* message_queue.c */; };
		9A8D30A519DE9E88003A6FAC /* fifo_buffer_unittest.c in Sources */ = {isa = PBXBuildFile; fileRef = 9A8D309F19DE9E88003A6FAC /* fifo_buffer_unittest.c */; };
		9A8D30A619DE9E88003A6FAC /* segment_list_unittest.c in Sources */ = {isa = PBXBuildFile; fileRef = 9A8D30A019DE9E88003A6FAC /* segment_list_unittest.c */; };
		9A8D30A719DE9E88003A6FAC /* memory_stream.c in Sources */ = {isa = PBXBuildFile; fileRef = 9A8D30A119DE9E88003A6FAC /* memory_stream.c */; };
		9A8D30A819DE9E88003A6FAC /* memory_stream_unittest.c in Sources */ = {isa = PBXBuildFile; fileRef = 9A8D30A219DE9E88003A6FAC /* memory_stream_unittest.c */; };
		9AEE41C719D92D99003B4627 /* segment_list.c in Sources */ = {isa = PBXBuildFile; fileRef = 9AEE41C219D92D99003B4627 /* segment_list.c */; };
		9AEE41C819D92D99003B4627 /* pseudo_tcp.c in Sources */ = {isa = PBXBuildFile; fileRef = 9AEE41C319D92D99003B4627 /* pseudo_tcp.c */; };
		9AEE41C919D92D99003B4627 /* pseudo_tcp_porting.c in Sources */ = {isa = PBXBuildFile; fileRef = 9AEE41C419D92D99003B4627 /* pseudo_tcp_porting.c */; };
		9AEE41CA19D92D99003B4627 /* mi_util.c in Sources */ = {isa = PBXBuildFile; fileRef = 9AEE41C519D92D99003B4627 /* mi_util.c */; };
		9AEE41CB19D92D99003B4627 /* fifo_buffer.c in Sources */ = {isa = PBXBuildFile; fileRef = 9AEE41C619D92D99003B4627 /* fifo_buffer.c */; };
		9AEE41F719D95263003B4627 /* libcurses.dylib in Frameworks */ = {isa = PBXBuildFile; fileRef = 9AEE41F619D95263003B4627 /* libcurses.dylib */; };
/* End PBXBuildFile section */

/* Begin PBXCopyFilesBuildPhase section */
		9ABE1F4819A499930096298B /* CopyFiles */ = {
			isa = PBXCopyFilesBuildPhase;
			buildActionMask = 2147483647;
			dstPath = /usr/share/man/man1/;
			dstSubfolderSpec = 0;
			files = (
			);
			runOnlyForDeploymentPostprocessing = 1;
		};
/* End PBXCopyFilesBuildPhase section */

/* Begin PBXFileReference section */
		9A8D307119DE9E27003A6FAC /* pseudo_tcp.h */ = {isa = PBXFileReference; fileEncoding = 4; lastKnownFileType = sourcecode.c.h; name = pseudo_tcp.h; path = inc/pseudo_tcp.h; sourceTree = SOURCE_ROOT; };
		9A8D307219DE9E27003A6FAC /* mi_util.h */ = {isa = PBXFileReference; fileEncoding = 4; lastKnownFileType = sourcecode.c.h; name = mi_util.h; path = inc/mi_util.h; sourceTree = SOURCE_ROOT; };
		9A8D307319DE9E27003A6FAC /* fifo_buffer.h */ = {isa = PBXFileReference; fileEncoding = 4; lastKnownFileType = sourcecode.c.h; name = fifo_buffer.h; path = inc/fifo_buffer.h; sourceTree = SOURCE_ROOT; };
		9A8D307419DE9E27003A6FAC /* pseudo_tcp_porting.h */ = {isa = PBXFileReference; fileEncoding = 4; lastKnownFileType = sourcecode.c.h; name = pseudo_tcp_porting.h; path = inc/pseudo_tcp_porting.h; sourceTree = SOURCE_ROOT; };
		9A8D307519DE9E27003A6FAC /* segment_list.h */ = {isa = PBXFileReference; fileEncoding = 4; lastKnownFileType = sourcecode.c.h; name = segment_list.h; path = inc/segment_list.h; sourceTree = SOURCE_ROOT; };
		9A8D307619DE9E27003A6FAC /* byteorder.h */ = {isa = PBXFileReference; fileEncoding = 4; lastKnownFileType = sourcecode.c.h; name = byteorder.h; path = inc/byteorder.h; sourceTree = SOURCE_ROOT; };
		9A8D307719DE9E27003A6FAC /* mi_types.h */ = {isa = PBXFileReference; fileEncoding = 4; lastKnownFileType = sourcecode.c.h; name = mi_types.h; path = inc/mi_types.h; sourceTree = SOURCE_ROOT; };
		9A8D307819DE9E27003A6FAC /* pseudo_tcp_int.h */ = {isa = PBXFileReference; fileEncoding = 4; lastKnownFileType = sourcecode.c.h; name = pseudo_tcp_int.h; path = inc/pseudo_tcp_int.h; sourceTree = SOURCE_ROOT; };
		9A8D307919DE9E3B003A6FAC /* pseudotcp_test.c */ = {isa = PBXFileReference; fileEncoding = 4; lastKnownFileType = sourcecode.c.c; name = pseudotcp_test.c; path = test/pseudotcp_test.c; sourceTree = SOURCE_ROOT; };
		9A8D307A19DE9E3B003A6FAC /* main.c */ = {isa = PBXFileReference; fileEncoding = 4; lastKnownFileType = sourcecode.c.c; name = main.c; path = test/main.c; sourceTree = SOURCE_ROOT; };
		9A8D307E19DE9E53003A6FAC /* TestRun.c */ = {isa = PBXFileReference; fileEncoding = 4; lastKnownFileType = sourcecode.c.c; name = TestRun.c; path = test/CUnit/TestRun.c; sourceTree = SOURCE_ROOT; };
		9A8D307F19DE9E53003A6FAC /* TestDB.c */ = {isa = PBXFileReference; fileEncoding = 4; lastKnownFileType = sourcecode.c.c; name = TestDB.c; path = test/CUnit/TestDB.c; sourceTree = SOURCE_ROOT; };
		9A8D308019DE9E53003A6FAC /* Automated.c */ = {isa = PBXFileReference; fileEncoding = 4; lastKnownFileType = sourcecode.c.c; name = Automated.c; path = test/CUnit/Automated.c; sourceTree = SOURCE_ROOT; };
		9A8D308119DE9E53003A6FAC /* Console.c */ = {isa = PBXFileReference; fileEncoding = 4; lastKnownFileType = sourcecode.c.c; name = Console.c; path = test/CUnit/Console.c; sourceTree = SOURCE_ROOT; };
		9A8D308219DE9E53003A6FAC /* MyMem.c */ = {isa = PBXFileReference; fileEncoding = 4; lastKnownFileType = sourcecode.c.c; name = MyMem.c; path = test/CUnit/MyMem.c; sourceTree = SOURCE_ROOT; };
		9A8D308319DE9E53003A6FAC /* Util.c */ = {isa = PBXFileReference; fileEncoding = 4; lastKnownFileType = sourcecode.c.c; name = Util.c; path = test/CUnit/Util.c; sourceTree = SOURCE_ROOT; };
		9A8D308419DE9E53003A6FAC /* Basic.c */ = {isa = PBXFileReference; fileEncoding = 4; lastKnownFileType = sourcecode.c.c; name = Basic.c; path = test/CUnit/Basic.c; sourceTree = SOURCE_ROOT; };
		9A8D308519DE9E53003A6FAC /* CUError.c */ = {isa = PBXFileReference; fileEncoding = 4; lastKnownFileType = sourcecode.c.c; name = CUError.c; path = test/CUnit/CUError.c; sourceTree = SOURCE_ROOT; };
		9A8D309019DE9E73003A6FAC /* TestDB.h */ = {isa = PBXFileReference; fileEncoding = 4; lastKnownFileType = sourcecode.c.h; name = TestDB.h; path = test/inc/CUnit/TestDB.h; sourceTree = SOURCE_ROOT; };
		9A8D309119DE9E73003A6FAC /* TestRun.h */ = {isa = PBXFileReference; fileEncoding = 4; lastKnownFileType = sourcecode.c.h; name = TestRun.h; path = test/inc/CUnit/TestRun.h; sourceTree = SOURCE_ROOT; };
		9A8D309219DE9E73003A6FAC /* CUnit.h */ = {isa = PBXFileReference; fileEncoding = 4; lastKnownFileType = sourcecode.c.h; name = CUnit.h; path = test/inc/CUnit/CUnit.h; sourceTree = SOURCE_ROOT; };
		9A8D309319DE9E73003A6FAC /* CUError.h */ = {isa = PBXFileReference; fileEncoding = 4; lastKnownFileType = sourcecode.c.h; name = CUError.h; path = test/inc/CUnit/CUError.h; sourceTree = SOURCE_ROOT; };
		9A8D309419DE9E73003A6FAC /* Util.h */ = {isa = PBXFileReference; fileEncoding = 4; lastKnownFileType = sourcecode.c.h; name = Util.h; path = test/inc/CUnit/Util.h; sourceTree = SOURCE_ROOT; };
		9A8D309519DE9E73003A6FAC /* MyMem.h */ = {isa = PBXFileReference; fileEncoding = 4; lastKnownFileType = sourcecode.c.h; name = MyMem.h; path = test/inc/CUnit/MyMem.h; sourceTree = SOURCE_ROOT; };
		9A8D309619DE9E73003A6FAC /* Basic.h */ = {isa = PBXFileReference; fileEncoding = 4; lastKnownFileType = sourcecode.c.h; name = Basic.h; path = test/inc/CUnit/Basic.h; sourceTree = SOURCE_ROOT; };
		9A8D309719DE9E73003A6FAC /* Automated.h */ = {isa = PBXFileReference; fileEncoding = 4; lastKnownFileType = sourcecode.c.h; name = Automated.h; path = test/inc/CUnit/Automated.h; sourceTree = SOURCE_ROOT; };
		9A8D309819DE9E73003A6FAC /* CUCurses.h */ = {isa = PBXFileReference; fileEncoding = 4; lastKnownFileType = sourcecode.c.h; name = CUCurses.h; path = test/inc/CUnit/CUCurses.h; sourceTree = SOURCE_ROOT; };
		9A8D309919DE9E73003A6FAC /* Console.h */ = {isa = PBXFileReference; fileEncoding = 4; lastKnownFileType = sourcecode.c.h; name = Console.h; path = test/inc/CUnit/Console.h; sourceTree = SOURCE_ROOT; };
		9A8D309A19DE9E73003A6FAC /* CUnit_intl.h */ = {isa = PBXFileReference; fileEncoding = 4; lastKnownFileType = sourcecode.c.h; name = CUnit_intl.h; path = test/inc/CUnit/CUnit_intl.h; sourceTree = SOURCE_ROOT; };
		9A8D309B19DE9E73003A6FAC /* wxWidget.h */ = {isa = PBXFileReference; fileEncoding = 4; lastKnownFileType = sourcecode.c.h; name = wxWidget.h; path = test/inc/CUnit/wxWidget.h; sourceTree = SOURCE_ROOT; };
		9A8D309D19DE9E88003A6FAC /* pseudo_tcp_unittest.c */ = {isa = PBXFileReference; fileEncoding = 4; lastKnownFileType = sourcecode.c.c; name = pseudo_tcp_unittest.c; path = test/pseudotcp/pseudo_tcp_unittest.c; sourceTree = SOURCE_ROOT; };
		9A8D309E19DE9E88003A6FAC /* message_queue.c */ = {isa = PBXFileReference; fileEncoding = 4; lastKnownFileType = sourcecode.c.c; name = message_queue.c; path = test/pseudotcp/message_queue.c; sourceTree = SOURCE_ROOT; };
		9A8D309F19DE9E88003A6FAC /* fifo_buffer_unittest.c */ = {isa = PBXFileReference; fileEncoding = 4; lastKnownFileType = sourcecode.c.c; name = fifo_buffer_unittest.c; path = test/pseudotcp/fifo_buffer_unittest.c; sourceTree = SOURCE_ROOT; };
		9A8D30A019DE9E88003A6FAC /* segment_list_unittest.c */ = {isa = PBXFileReference; fileEncoding = 4; lastKnownFileType = sourcecode.c.c; name = segment_list_unittest.c; path = test/pseudotcp/segment_list_unittest.c; sourceTree = SOURCE_ROOT; };
		9A8D30A119DE9E88003A6FAC /* memory_stream.c */ = {isa = PBXFileReference; fileEncoding = 4; lastKnownFileType = sourcecode.c.c; name = memory_stream.c; path = test/pseudotcp/memory_stream.c; sourceTree = SOURCE_ROOT; };
		9A8D30A219DE9E88003A6FAC /* memory_stream_unittest.c */ = {isa = PBXFileReference; fileEncoding = 4; lastKnownFileType = sourcecode.c.c; name = memory_stream_unittest.c; path = test/pseudotcp/memory_stream_unittest.c; sourceTree = SOURCE_ROOT; };
		9ABE1F4A19A499930096298B /* pseudoTCP */ = {isa = PBXFileReference; explicitFileType = "compiled.mach-o.executable"; includeInIndex = 0; path = pseudoTCP; sourceTree = BUILT_PRODUCTS_DIR; };
		9AEE41C219D92D99003B4627 /* segment_list.c */ = {isa = PBXFileReference; fileEncoding = 4; lastKnownFileType = sourcecode.c.c; name = segment_list.c; path = src/segment_list.c; sourceTree = SOURCE_ROOT; };
		9AEE41C319D92D99003B4627 /* pseudo_tcp.c */ = {isa = PBXFileReference; fileEncoding = 4; lastKnownFileType = sourcecode.c.c; name = pseudo_tcp.c; path = src/pseudo_tcp.c; sourceTree = SOURCE_ROOT; };
		9AEE41C419D92D99003B4627 /* pseudo_tcp_porting.c */ = {isa = PBXFileReference; fileEncoding = 4; lastKnownFileType = sourcecode.c.c; name = pseudo_tcp_porting.c; path = src/pseudo_tcp_porting.c; sourceTree = SOURCE_ROOT; };
		9AEE41C519D92D99003B4627 /* mi_util.c */ = {isa = PBXFileReference; fileEncoding = 4; lastKnownFileType = sourcecode.c.c; name = mi_util.c; path = src/mi_util.c; sourceTree = SOURCE_ROOT; };
		9AEE41C619D92D99003B4627 /* fifo_buffer.c */ = {isa = PBXFileReference; fileEncoding = 4; lastKnownFileType = sourcecode.c.c; name = fifo_buffer.c; path = src/fifo_buffer.c; sourceTree = SOURCE_ROOT; };
		9AEE41F619D95263003B4627 /* libcurses.dylib */ = {isa = PBXFileReference; lastKnownFileType = "compiled.mach-o.dylib"; name = libcurses.dylib; path = usr/lib/libcurses.dylib; sourceTree = SDKROOT; };
/* End PBXFileReference section */

/* Begin PBXFrameworksBuildPhase section */
		9ABE1F4719A499930096298B /* Frameworks */ = {
			isa = PBXFrameworksBuildPhase;
			buildActionMask = 2147483647;
			files = (
				9AEE41F719D95263003B4627 /* libcurses.dylib in Frameworks */,
			);
			runOnlyForDeploymentPostprocessing = 0;
		};
/* End PBXFrameworksBuildPhase section */

/* Begin PBXGroup section */
		9A8D307019DE9E10003A6FAC /* test */ = {
			isa = PBXGroup;
			children = (
				9A8D309C19DE9E7C003A6FAC /* pseudoTCP */,
				9A8D308E19DE9E59003A6FAC /* inc */,
				9A8D307D19DE9E44003A6FAC /* CUnit */,
				9A8D307919DE9E3B003A6FAC /* pseudotcp_test.c */,
				9A8D307A19DE9E3B003A6FAC /* main.c */,
			);
			name = test;
			sourceTree = "<group>";
		};
		9A8D307D19DE9E44003A6FAC /* CUnit */ = {
			isa = PBXGroup;
			children = (
				9A8D307E19DE9E53003A6FAC /* TestRun.c */,
				9A8D307F19DE9E53003A6FAC /* TestDB.c */,
				9A8D308019DE9E53003A6FAC /* Automated.c */,
				9A8D308119DE9E53003A6FAC /* Console.c */,
				9A8D308219DE9E53003A6FAC /* MyMem.c */,
				9A8D308319DE9E53003A6FAC /* Util.c */,
				9A8D308419DE9E53003A6FAC /* Basic.c */,
				9A8D308519DE9E53003A6FAC /* CUError.c */,
			);
			name = CUnit;
			sourceTree = "<group>";
		};
		9A8D308E19DE9E59003A6FAC /* inc */ = {
			isa = PBXGroup;
			children = (
				9A8D308F19DE9E63003A6FAC /* CUnit */,
			);
			name = inc;
			sourceTree = "<group>";
		};
		9A8D308F19DE9E63003A6FAC /* CUnit */ = {
			isa = PBXGroup;
			children = (
				9A8D309019DE9E73003A6FAC /* TestDB.h */,
				9A8D309119DE9E73003A6FAC /* TestRun.h */,
				9A8D309219DE9E73003A6FAC /* CUnit.h */,
				9A8D309319DE9E73003A6FAC /* CUError.h */,
				9A8D309419DE9E73003A6FAC /* Util.h */,
				9A8D309519DE9E73003A6FAC /* MyMem.h */,
				9A8D309619DE9E73003A6FAC /* Basic.h */,
				9A8D309719DE9E73003A6FAC /* Automated.h */,
				9A8D309819DE9E73003A6FAC /* CUCurses.h */,
				9A8D309919DE9E73003A6FAC /* Console.h */,
				9A8D309A19DE9E73003A6FAC /* CUnit_intl.h */,
				9A8D309B19DE9E73003A6FAC /* wxWidget.h */,
			);
			name = CUnit;
			sourceTree = "<group>";
		};
		9A8D309C19DE9E7C003A6FAC /* pseudoTCP */ = {
			isa = PBXGroup;
			children = (
				9A8D309D19DE9E88003A6FAC /* pseudo_tcp_unittest.c */,
				9A8D309E19DE9E88003A6FAC /* message_queue.c */,
				9A8D309F19DE9E88003A6FAC /* fifo_buffer_unittest.c */,
				9A8D30A019DE9E88003A6FAC /* segment_list_unittest.c */,
				9A8D30A119DE9E88003A6FAC /* memory_stream.c */,
				9A8D30A219DE9E88003A6FAC /* memory_stream_unittest.c */,
			);
			name = pseudoTCP;
			sourceTree = "<group>";
		};
		9ABE1F4119A499930096298B = {
			isa = PBXGroup;
			children = (
				9AEE41F619D95263003B4627 /* libcurses.dylib */,
				9ABE1F4C19A499930096298B /* pseudoTCP */,
				9ABE1F4B19A499930096298B /* Products */,
			);
			sourceTree = "<group>";
		};
		9ABE1F4B19A499930096298B /* Products */ = {
			isa = PBXGroup;
			children = (
				9ABE1F4A19A499930096298B /* pseudoTCP */,
			);
			name = Products;
			sourceTree = "<group>";
		};
		9ABE1F4C19A499930096298B /* pseudoTCP */ = {
			isa = PBXGroup;
			children = (
				9A8D307019DE9E10003A6FAC /* test */,
				B2281BA619A4F0530070EDF9 /* src */,
				9ABE1F5719A499BC0096298B /* inc */,
			);
			path = pseudoTCP;
			sourceTree = "<group>";
		};
		9ABE1F5719A499BC0096298B /* inc */ = {
			isa = PBXGroup;
			children = (
				9A8D307119DE9E27003A6FAC /* pseudo_tcp.h */,
				9A8D307219DE9E27003A6FAC /* mi_util.h */,
				9A8D307319DE9E27003A6FAC /* fifo_buffer.h */,
				9A8D307419DE9E27003A6FAC /* pseudo_tcp_porting.h */,
				9A8D307519DE9E27003A6FAC /* segment_list.h */,
				9A8D307619DE9E27003A6FAC /* byteorder.h */,
				9A8D307719DE9E27003A6FAC /* mi_types.h */,
				9A8D307819DE9E27003A6FAC /* pseudo_tcp_int.h */,
			);
			name = inc;
			sourceTree = "<group>";
		};
		B2281BA619A4F0530070EDF9 /* src */ = {
			isa = PBXGroup;
			children = (
				9AEE41C219D92D99003B4627 /* segment_list.c */,
				9AEE41C319D92D99003B4627 /* pseudo_tcp.c */,
				9AEE41C419D92D99003B4627 /* pseudo_tcp_porting.c */,
				9AEE41C519D92D99003B4627 /* mi_util.c */,
				9AEE41C619D92D99003B4627 /* fifo_buffer.c */,
			);
			name = src;
			sourceTree = "<group>";
		};
/* End PBXGroup section */

/* Begin PBXNativeTarget section */
		9ABE1F4919A499930096298B /* pseudoTCP */ = {
			isa = PBXNativeTarget;
			buildConfigurationList = 9ABE1F5319A499930096298B /* Build configuration list for PBXNativeTarget "pseudoTCP" */;
			buildPhases = (
				9ABE1F4619A499930096298B /* Sources */,
				9ABE1F4719A499930096298B /* Frameworks */,
				9ABE1F4819A499930096298B /* CopyFiles */,
			);
			buildRules = (
			);
			dependencies = (
			);
			name = pseudoTCP;
			productName = pseudoTCP;
			productReference = 9ABE1F4A19A499930096298B /* pseudoTCP */;
			productType = "com.apple.product-type.tool";
		};
/* End PBXNativeTarget section */

/* Begin PBXProject section */
		9ABE1F4219A499930096298B /* Project object */ = {
			isa = PBXProject;
			attributes = {
				LastUpgradeCheck = 0600;
				ORGANIZATIONNAME = "Liao KuoHsun";
			};
			buildConfigurationList = 9ABE1F4519A499930096298B /* Build configuration list for PBXProject "pseudoTCP" */;
			compatibilityVersion = "Xcode 3.2";
			developmentRegion = English;
			hasScannedForEncodings = 0;
			knownRegions = (
				en,
			);
			mainGroup = 9ABE1F4119A499930096298B;
			productRefGroup = 9ABE1F4B19A499930096298B /* Products */;
			projectDirPath = "";
			projectRoot = "";
			targets = (
				9ABE1F4919A499930096298B /* pseudoTCP */,
			);
		};
/* End PBXProject section */

/* Begin PBXSourcesBuildPhase section */
		9ABE1F4619A499930096298B /* Sources */ = {
			isa = PBXSourcesBuildPhase;
			buildActionMask = 2147483647;
			files = (
				9A8D308B19DE9E53003A6FAC /* Util.c in Sources */,
				9AEE41CA19D92D99003B4627 /* mi_util.c in Sources */,
				9A8D308C19DE9E53003A6FAC /* Basic.c in Sources */,
				9A8D30A519DE9E88003A6FAC /* fifo_buffer_unittest.c in Sources */,
				9AEE41CB19D92D99003B4627 /* fifo_buffer.c in Sources */,
				9AEE41C819D92D99003B4627 /* pseudo_tcp.c in Sources */,
				9A8D30A419DE9E88003A6FAC /* message_queue.c in Sources */,
				9AEE41C919D92D99003B4627 /* pseudo_tcp_porting.c in Sources */,
				9A8D308919DE9E53003A6FAC /* Console.c in Sources */,
				9AEE41C719D92D99003B4627 /* segment_list.c in Sources */,
				9A8D308D19DE9E53003A6FAC /* CUError.c in Sources */,
				9A8D30A819DE9E88003A6FAC /* memory_stream_unittest.c in Sources */,
				9A8D307B19DE9E3B003A6FAC /* pseudotcp_test.c in Sources */,
				9A8D307C19DE9E3B003A6FAC /* main.c in Sources */,
				9A8D30A319DE9E88003A6FAC /* pseudo_tcp_unittest.c in Sources */,
				9A8D308619DE9E53003A6FAC /* TestRun.c in Sources */,
				9A8D308A19DE9E53003A6FAC /* MyMem.c in Sources */,
				9A8D30A719DE9E88003A6FAC /* memory_stream.c in Sources */,
				9A8D308819DE9E53003A6FAC /* Automated.c in Sources */,
				9A8D30A619DE9E88003A6FAC /* segment_list_unittest.c in Sources */,
				9A8D308719DE9E53003A6FAC /* TestDB.c in Sources */,
			);
			runOnlyForDeploymentPostprocessing = 0;
		};
/* End PBXSourcesBuildPhase section */

/* Begin XCBuildConfiguration section */
		9ABE1F5119A499930096298B /* Debug */ = {
			isa = XCBuildConfiguration;
			buildSettings = {
				ALWAYS_SEARCH_USER_PATHS = NO;
				CLANG_CXX_LANGUAGE_STANDARD = "gnu++0x";
				CLANG_CXX_LIBRARY = "libc++";
				CLANG_ENABLE_MODULES = YES;
				CLANG_ENABLE_OBJC_ARC = YES;
				CLANG_WARN_BOOL_CONVERSION = YES;
				CLANG_WARN_CONSTANT_CONVERSION = YES;
				CLANG_WARN_DIRECT_OBJC_ISA_USAGE = YES_ERROR;
				CLANG_WARN_EMPTY_BODY = YES;
				CLANG_WARN_ENUM_CONVERSION = YES;
				CLANG_WARN_INT_CONVERSION = YES;
				CLANG_WARN_OBJC_ROOT_CLASS = YES_ERROR;
				CLANG_WARN__DUPLICATE_METHOD_MATCH = YES;
				COPY_PHASE_STRIP = NO;
				GCC_C_LANGUAGE_STANDARD = gnu99;
				GCC_DYNAMIC_NO_PIC = NO;
				GCC_ENABLE_OBJC_EXCEPTIONS = YES;
				GCC_OPTIMIZATION_LEVEL = 0;
				GCC_PREPROCESSOR_DEFINITIONS = (
					"DEBUG=1",
					"$(inherited)",
					"NCURSES_OPAQUE=0",
				);
				GCC_SYMBOLS_PRIVATE_EXTERN = NO;
				GCC_WARN_64_TO_32_BIT_CONVERSION = YES;
				GCC_WARN_ABOUT_RETURN_TYPE = YES_ERROR;
				GCC_WARN_UNDECLARED_SELECTOR = YES;
				GCC_WARN_UNINITIALIZED_AUTOS = YES_AGGRESSIVE;
				GCC_WARN_UNUSED_FUNCTION = YES;
				GCC_WARN_UNUSED_VARIABLE = YES;
				HEADER_SEARCH_PATHS = (
					"$(inherited)",
					/Applications/Xcode.app/Contents/Developer/Toolchains/XcodeDefault.xctoolchain/usr/include,
					test/inc,
				);
				MACOSX_DEPLOYMENT_TARGET = 10.9;
				ONLY_ACTIVE_ARCH = YES;
				SDKROOT = macosx;
			};
			name = Debug;
		};
		9ABE1F5219A499930096298B /* Release */ = {
			isa = XCBuildConfiguration;
			buildSettings = {
				ALWAYS_SEARCH_USER_PATHS = NO;
				CLANG_CXX_LANGUAGE_STANDARD = "gnu++0x";
				CLANG_CXX_LIBRARY = "libc++";
				CLANG_ENABLE_MODULES = YES;
				CLANG_ENABLE_OBJC_ARC = YES;
				CLANG_WARN_BOOL_CONVERSION = YES;
				CLANG_WARN_CONSTANT_CONVERSION = YES;
				CLANG_WARN_DIRECT_OBJC_ISA_USAGE = YES_ERROR;
				CLANG_WARN_EMPTY_BODY = YES;
				CLANG_WARN_ENUM_CONVERSION = YES;
				CLANG_WARN_INT_CONVERSION = YES;
				CLANG_WARN_OBJC_ROOT_CLASS = YES_ERROR;
				CLANG_WARN__DUPLICATE_METHOD_MATCH = YES;
				COPY_PHASE_STRIP = YES;
				DEBUG_INFORMATION_FORMAT = "dwarf-with-dsym";
				ENABLE_NS_ASSERTIONS = NO;
				GCC_C_LANGUAGE_STANDARD = gnu99;
				GCC_ENABLE_OBJC_EXCEPTIONS = YES;
				GCC_WARN_64_TO_32_BIT_CONVERSION = YES;
				GCC_WARN_ABOUT_RETURN_TYPE = YES_ERROR;
				GCC_WARN_UNDECLARED_SELECTOR = YES;
				GCC_WARN_UNINITIALIZED_AUTOS = YES_AGGRESSIVE;
				GCC_WARN_UNUSED_FUNCTION = YES;
				GCC_WARN_UNUSED_VARIABLE = YES;
				HEADER_SEARCH_PATHS = (
					"$(inherited)",
					/Applications/Xcode.app/Contents/Developer/Toolchains/XcodeDefault.xctoolchain/usr/include,
					test/inc,
				);
				MACOSX_DEPLOYMENT_TARGET = 10.9;
				ONLY_ACTIVE_ARCH = NO;
				SDKROOT = macosx;
			};
			name = Release;
		};
		9ABE1F5419A499930096298B /* Debug */ = {
			isa = XCBuildConfiguration;
			buildSettings = {
				GCC_C_LANGUAGE_STANDARD = gnu99;
				HEADER_SEARCH_PATHS = (
					"$(inherited)",
					/Applications/Xcode.app/Contents/Developer/Toolchains/XcodeDefault.xctoolchain/usr/include,
					include/,
				);
				LIBRARY_SEARCH_PATHS = "";
				PRODUCT_NAME = "$(TARGET_NAME)";
			};
			name = Debug;
		};
		9ABE1F5519A499930096298B /* Release */ = {
			isa = XCBuildConfiguration;
			buildSettings = {
				GCC_C_LANGUAGE_STANDARD = gnu99;
				HEADER_SEARCH_PATHS = (
					"$(inherited)",
					/Applications/Xcode.app/Contents/Developer/Toolchains/XcodeDefault.xctoolchain/usr/include,
					include/,
				);
				LIBRARY_SEARCH_PATHS = "";
				PRODUCT_NAME = "$(TARGET_NAME)";
			};
			name = Release;
		};
/* End XCBuildConfiguration section */

/* Begin XCConfigurationList section */
		9ABE1F4519A499930096298B /* Build configuration list for PBXProject "pseudoTCP" */ = {
			isa = XCConfigurationList;
			buildConfigurations = (
				9ABE1F5119A499930096298B /* Debug */,
				9ABE1F5219A499930096298B /* Release */,
			);
			defaultConfigurationIsVisible = 0;
			defaultConfigurationName = Release;
		};
		9ABE1F5319A499930096298B /* Build configuration list for PBXNativeTarget "pseudoTCP" */ = {
			isa = XCConfigurationList;
			buildConfigurations = (
				9ABE1F5419A499930096298B /* Debug */,
				9ABE1F5519A499930096298B /* Release */,
			);
			defaultConfigurationIsVisible = 0;
			defaultConfigurationName = Release;
		};
/* End XCConfigurationList section */
	};
	rootObject = 9ABE1F4219A499930096298B /* Project object */;
}
