// !$*UTF8*$!
{
	archiveVersion = 1;
	classes = {
	};
	objectVersion = 46;
	objects = {

/* Begin PBXBuildFile section */
		9AEE41B119D90C03003B4627 /* Util.c in Sources */ = {isa = PBXBuildFile; fileRef = 9AEE41A819D90C03003B4627 /* Util.c */; };
		9AEE41B219D90C03003B4627 /* TestRun.c in Sources */ = {isa = PBXBuildFile; fileRef = 9AEE41A919D90C03003B4627 /* TestRun.c */; };
		9AEE41B319D90C03003B4627 /* TestDB.c in Sources */ = {isa = PBXBuildFile; fileRef = 9AEE41AA19D90C03003B4627 /* TestDB.c */; };
		9AEE41B419D90C03003B4627 /* MyMem.c in Sources */ = {isa = PBXBuildFile; fileRef = 9AEE41AB19D90C03003B4627 /* MyMem.c */; };
		9AEE41B519D90C03003B4627 /* Curses.c in Sources */ = {isa = PBXBuildFile; fileRef = 9AEE41AC19D90C03003B4627 /* Curses.c */; };
		9AEE41B619D90C03003B4627 /* CUError.c in Sources */ = {isa = PBXBuildFile; fileRef = 9AEE41AD19D90C03003B4627 /* CUError.c */; };
		9AEE41B719D90C03003B4627 /* Console.c in Sources */ = {isa = PBXBuildFile; fileRef = 9AEE41AE19D90C03003B4627 /* Console.c */; };
		9AEE41B819D90C03003B4627 /* Basic.c in Sources */ = {isa = PBXBuildFile; fileRef = 9AEE41AF19D90C03003B4627 /* Basic.c */; };
		9AEE41B919D90C03003B4627 /* Automated.c in Sources */ = {isa = PBXBuildFile; fileRef = 9AEE41B019D90C03003B4627 /* Automated.c */; };
		9AEE41C719D92D99003B4627 /* segment_list.c in Sources */ = {isa = PBXBuildFile; fileRef = 9AEE41C219D92D99003B4627 /* segment_list.c */; };
		9AEE41C819D92D99003B4627 /* pseudo_tcp.c in Sources */ = {isa = PBXBuildFile; fileRef = 9AEE41C319D92D99003B4627 /* pseudo_tcp.c */; };
		9AEE41C919D92D99003B4627 /* pseudo_tcp_porting.c in Sources */ = {isa = PBXBuildFile; fileRef = 9AEE41C419D92D99003B4627 /* pseudo_tcp_porting.c */; };
		9AEE41CA19D92D99003B4627 /* mi_util.c in Sources */ = {isa = PBXBuildFile; fileRef = 9AEE41C519D92D99003B4627 /* mi_util.c */; };
		9AEE41CB19D92D99003B4627 /* fifo_buffer.c in Sources */ = {isa = PBXBuildFile; fileRef = 9AEE41C619D92D99003B4627 /* fifo_buffer.c */; };
		9AEE41E919D92FD7003B4627 /* segment_list_unittest.c in Sources */ = {isa = PBXBuildFile; fileRef = 9AEE41E219D92FD7003B4627 /* segment_list_unittest.c */; };
		9AEE41EA19D92FD7003B4627 /* pseudo_tcp_unittest.c in Sources */ = {isa = PBXBuildFile; fileRef = 9AEE41E319D92FD7003B4627 /* pseudo_tcp_unittest.c */; };
		9AEE41EB19D92FD7003B4627 /* message_queue.c in Sources */ = {isa = PBXBuildFile; fileRef = 9AEE41E419D92FD7003B4627 /* message_queue.c */; };
		9AEE41EC19D92FD7003B4627 /* memory_stream.c in Sources */ = {isa = PBXBuildFile; fileRef = 9AEE41E519D92FD7003B4627 /* memory_stream.c */; };
		9AEE41ED19D92FD7003B4627 /* memory_stream_unittest.c in Sources */ = {isa = PBXBuildFile; fileRef = 9AEE41E619D92FD7003B4627 /* memory_stream_unittest.c */; };
		9AEE41EE19D92FD7003B4627 /* main.c in Sources */ = {isa = PBXBuildFile; fileRef = 9AEE41E719D92FD7003B4627 /* main.c */; };
		9AEE41EF19D92FD7003B4627 /* fifo_buffer_unittest.c in Sources */ = {isa = PBXBuildFile; fileRef = 9AEE41E819D92FD7003B4627 /* fifo_buffer_unittest.c */; };
		9AEE41F719D95263003B4627 /* libcurses.dylib in Frameworks */ = {isa = PBXBuildFile; fileRef = 9AEE41F619D95263003B4627 /* libcurses.dylib */; };
/* End PBXBuildFile section */

/* Begin PBXCopyFilesBuildPhase section */
		9ABE1F4819A499930096298B /* CopyFiles */ = {
			isa = PBXCopyFilesBuildPhase;
			buildActionMask = 2147483647;
			dstPath = /usr/share/man/man1/;
			dstSubfolderSpec = 0;
			files = (
			);
			runOnlyForDeploymentPostprocessing = 1;
		};
/* End PBXCopyFilesBuildPhase section */

/* Begin PBXFileReference section */
		9ABE1F4A19A499930096298B /* pseudoTCP */ = {isa = PBXFileReference; explicitFileType = "compiled.mach-o.executable"; includeInIndex = 0; path = pseudoTCP; sourceTree = BUILT_PRODUCTS_DIR; };
		9AEE419C19D90BF8003B4627 /* wxWidget.h */ = {isa = PBXFileReference; fileEncoding = 4; lastKnownFileType = sourcecode.c.h; name = wxWidget.h; path = include/CUnit/wxWidget.h; sourceTree = SOURCE_ROOT; };
		9AEE419D19D90BF8003B4627 /* Util.h */ = {isa = PBXFileReference; fileEncoding = 4; lastKnownFileType = sourcecode.c.h; name = Util.h; path = include/CUnit/Util.h; sourceTree = SOURCE_ROOT; };
		9AEE419E19D90BF8003B4627 /* TestRun.h */ = {isa = PBXFileReference; fileEncoding = 4; lastKnownFileType = sourcecode.c.h; name = TestRun.h; path = include/CUnit/TestRun.h; sourceTree = SOURCE_ROOT; };
		9AEE419F19D90BF8003B4627 /* TestDB.h */ = {isa = PBXFileReference; fileEncoding = 4; lastKnownFileType = sourcecode.c.h; name = TestDB.h; path = include/CUnit/TestDB.h; sourceTree = SOURCE_ROOT; };
		9AEE41A019D90BF8003B4627 /* MyMem.h */ = {isa = PBXFileReference; fileEncoding = 4; lastKnownFileType = sourcecode.c.h; name = MyMem.h; path = include/CUnit/MyMem.h; sourceTree = SOURCE_ROOT; };
		9AEE41A119D90BF8003B4627 /* CUnit.h */ = {isa = PBXFileReference; fileEncoding = 4; lastKnownFileType = sourcecode.c.h; name = CUnit.h; path = include/CUnit/CUnit.h; sourceTree = SOURCE_ROOT; };
		9AEE41A219D90BF8003B4627 /* CUnit_intl.h */ = {isa = PBXFileReference; fileEncoding = 4; lastKnownFileType = sourcecode.c.h; name = CUnit_intl.h; path = include/CUnit/CUnit_intl.h; sourceTree = SOURCE_ROOT; };
		9AEE41A319D90BF8003B4627 /* CUError.h */ = {isa = PBXFileReference; fileEncoding = 4; lastKnownFileType = sourcecode.c.h; name = CUError.h; path = include/CUnit/CUError.h; sourceTree = SOURCE_ROOT; };
		9AEE41A419D90BF8003B4627 /* CUCurses.h */ = {isa = PBXFileReference; fileEncoding = 4; lastKnownFileType = sourcecode.c.h; name = CUCurses.h; path = include/CUnit/CUCurses.h; sourceTree = SOURCE_ROOT; };
		9AEE41A519D90BF8003B4627 /* Console.h */ = {isa = PBXFileReference; fileEncoding = 4; lastKnownFileType = sourcecode.c.h; name = Console.h; path = include/CUnit/Console.h; sourceTree = SOURCE_ROOT; };
		9AEE41A619D90BF8003B4627 /* Basic.h */ = {isa = PBXFileReference; fileEncoding = 4; lastKnownFileType = sourcecode.c.h; name = Basic.h; path = include/CUnit/Basic.h; sourceTree = SOURCE_ROOT; };
		9AEE41A719D90BF8003B4627 /* Automated.h */ = {isa = PBXFileReference; fileEncoding = 4; lastKnownFileType = sourcecode.c.h; name = Automated.h; path = include/CUnit/Automated.h; sourceTree = SOURCE_ROOT; };
		9AEE41A819D90C03003B4627 /* Util.c */ = {isa = PBXFileReference; fileEncoding = 4; lastKnownFileType = sourcecode.c.c; name = Util.c; path = src/CUnit/Util.c; sourceTree = SOURCE_ROOT; };
		9AEE41A919D90C03003B4627 /* TestRun.c */ = {isa = PBXFileReference; fileEncoding = 4; lastKnownFileType = sourcecode.c.c; name = TestRun.c; path = src/CUnit/TestRun.c; sourceTree = SOURCE_ROOT; };
		9AEE41AA19D90C03003B4627 /* TestDB.c */ = {isa = PBXFileReference; fileEncoding = 4; lastKnownFileType = sourcecode.c.c; name = TestDB.c; path = src/CUnit/TestDB.c; sourceTree = SOURCE_ROOT; };
		9AEE41AB19D90C03003B4627 /* MyMem.c */ = {isa = PBXFileReference; fileEncoding = 4; lastKnownFileType = sourcecode.c.c; name = MyMem.c; path = src/CUnit/MyMem.c; sourceTree = SOURCE_ROOT; };
		9AEE41AC19D90C03003B4627 /* Curses.c */ = {isa = PBXFileReference; fileEncoding = 4; lastKnownFileType = sourcecode.c.c; name = Curses.c; path = src/CUnit/Curses.c; sourceTree = SOURCE_ROOT; };
		9AEE41AD19D90C03003B4627 /* CUError.c */ = {isa = PBXFileReference; fileEncoding = 4; lastKnownFileType = sourcecode.c.c; name = CUError.c; path = src/CUnit/CUError.c; sourceTree = SOURCE_ROOT; };
		9AEE41AE19D90C03003B4627 /* Console.c */ = {isa = PBXFileReference; fileEncoding = 4; lastKnownFileType = sourcecode.c.c; name = Console.c; path = src/CUnit/Console.c; sourceTree = SOURCE_ROOT; };
		9AEE41AF19D90C03003B4627 /* Basic.c */ = {isa = PBXFileReference; fileEncoding = 4; lastKnownFileType = sourcecode.c.c; name = Basic.c; path = src/CUnit/Basic.c; sourceTree = SOURCE_ROOT; };
		9AEE41B019D90C03003B4627 /* Automated.c */ = {isa = PBXFileReference; fileEncoding = 4; lastKnownFileType = sourcecode.c.c; name = Automated.c; path = src/CUnit/Automated.c; sourceTree = SOURCE_ROOT; };
		9AEE41BA19D92D80003B4627 /* segment_list.h */ = {isa = PBXFileReference; fileEncoding = 4; lastKnownFileType = sourcecode.c.h; name = segment_list.h; path = include/segment_list.h; sourceTree = SOURCE_ROOT; };
		9AEE41BB19D92D80003B4627 /* pseudo_tcp.h */ = {isa = PBXFileReference; fileEncoding = 4; lastKnownFileType = sourcecode.c.h; name = pseudo_tcp.h; path = include/pseudo_tcp.h; sourceTree = SOURCE_ROOT; };
		9AEE41BC19D92D80003B4627 /* pseudo_tcp_porting.h */ = {isa = PBXFileReference; fileEncoding = 4; lastKnownFileType = sourcecode.c.h; name = pseudo_tcp_porting.h; path = include/pseudo_tcp_porting.h; sourceTree = SOURCE_ROOT; };
		9AEE41BD19D92D80003B4627 /* pseudo_tcp_int.h */ = {isa = PBXFileReference; fileEncoding = 4; lastKnownFileType = sourcecode.c.h; name = pseudo_tcp_int.h; path = include/pseudo_tcp_int.h; sourceTree = SOURCE_ROOT; };
		9AEE41BE19D92D80003B4627 /* mi_types.h */ = {isa = PBXFileReference; fileEncoding = 4; lastKnownFileType = sourcecode.c.h; name = mi_types.h; path = include/mi_types.h; sourceTree = SOURCE_ROOT; };
		9AEE41BF19D92D80003B4627 /* fifo_buffer.h */ = {isa = PBXFileReference; fileEncoding = 4; lastKnownFileType = sourcecode.c.h; name = fifo_buffer.h; path = include/fifo_buffer.h; sourceTree = SOURCE_ROOT; };
		9AEE41C019D92D80003B4627 /* byteorder.h */ = {isa = PBXFileReference; fileEncoding = 4; lastKnownFileType = sourcecode.c.h; name = byteorder.h; path = include/byteorder.h; sourceTree = SOURCE_ROOT; };
		9AEE41C119D92D93003B4627 /* mi_util.h */ = {isa = PBXFileReference; fileEncoding = 4; lastKnownFileType = sourcecode.c.h; name = mi_util.h; path = include/mi_util.h; sourceTree = SOURCE_ROOT; };
		9AEE41C219D92D99003B4627 /* segment_list.c */ = {isa = PBXFileReference; fileEncoding = 4; lastKnownFileType = sourcecode.c.c; name = segment_list.c; path = src/segment_list.c; sourceTree = SOURCE_ROOT; };
		9AEE41C319D92D99003B4627 /* pseudo_tcp.c */ = {isa = PBXFileReference; fileEncoding = 4; lastKnownFileType = sourcecode.c.c; name = pseudo_tcp.c; path = src/pseudo_tcp.c; sourceTree = SOURCE_ROOT; };
		9AEE41C419D92D99003B4627 /* pseudo_tcp_porting.c */ = {isa = PBXFileReference; fileEncoding = 4; lastKnownFileType = sourcecode.c.c; name = pseudo_tcp_porting.c; path = src/pseudo_tcp_porting.c; sourceTree = SOURCE_ROOT; };
		9AEE41C519D92D99003B4627 /* mi_util.c */ = {isa = PBXFileReference; fileEncoding = 4; lastKnownFileType = sourcecode.c.c; name = mi_util.c; path = src/mi_util.c; sourceTree = SOURCE_ROOT; };
		9AEE41C619D92D99003B4627 /* fifo_buffer.c */ = {isa = PBXFileReference; fileEncoding = 4; lastKnownFileType = sourcecode.c.c; name = fifo_buffer.c; path = src/fifo_buffer.c; sourceTree = SOURCE_ROOT; };
		9AEE41E219D92FD7003B4627 /* segment_list_unittest.c */ = {isa = PBXFileReference; fileEncoding = 4; lastKnownFileType = sourcecode.c.c; name = segment_list_unittest.c; path = src/test/segment_list_unittest.c; sourceTree = SOURCE_ROOT; };
		9AEE41E319D92FD7003B4627 /* pseudo_tcp_unittest.c */ = {isa = PBXFileReference; fileEncoding = 4; lastKnownFileType = sourcecode.c.c; name = pseudo_tcp_unittest.c; path = src/test/pseudo_tcp_unittest.c; sourceTree = SOURCE_ROOT; };
		9AEE41E419D92FD7003B4627 /* message_queue.c */ = {isa = PBXFileReference; fileEncoding = 4; lastKnownFileType = sourcecode.c.c; name = message_queue.c; path = src/test/message_queue.c; sourceTree = SOURCE_ROOT; };
		9AEE41E519D92FD7003B4627 /* memory_stream.c */ = {isa = PBXFileReference; fileEncoding = 4; lastKnownFileType = sourcecode.c.c; name = memory_stream.c; path = src/test/memory_stream.c; sourceTree = SOURCE_ROOT; };
		9AEE41E619D92FD7003B4627 /* memory_stream_unittest.c */ = {isa = PBXFileReference; fileEncoding = 4; lastKnownFileType = sourcecode.c.c; name = memory_stream_unittest.c; path = src/test/memory_stream_unittest.c; sourceTree = SOURCE_ROOT; };
		9AEE41E719D92FD7003B4627 /* main.c */ = {isa = PBXFileReference; fileEncoding = 4; lastKnownFileType = sourcecode.c.c; name = main.c; path = src/test/main.c; sourceTree = SOURCE_ROOT; };
		9AEE41E819D92FD7003B4627 /* fifo_buffer_unittest.c */ = {isa = PBXFileReference; fileEncoding = 4; lastKnownFileType = sourcecode.c.c; name = fifo_buffer_unittest.c; path = src/test/fifo_buffer_unittest.c; sourceTree = SOURCE_ROOT; };
		9AEE41F019D92FE6003B4627 /* segment_list_unittest.h */ = {isa = PBXFileReference; fileEncoding = 4; lastKnownFileType = sourcecode.c.h; name = segment_list_unittest.h; path = include/test/segment_list_unittest.h; sourceTree = SOURCE_ROOT; };
		9AEE41F119D92FE6003B4627 /* pseudo_tcp_unittest.h */ = {isa = PBXFileReference; fileEncoding = 4; lastKnownFileType = sourcecode.c.h; name = pseudo_tcp_unittest.h; path = include/test/pseudo_tcp_unittest.h; sourceTree = SOURCE_ROOT; };
		9AEE41F219D92FE6003B4627 /* message_queue.h */ = {isa = PBXFileReference; fileEncoding = 4; lastKnownFileType = sourcecode.c.h; name = message_queue.h; path = include/test/message_queue.h; sourceTree = SOURCE_ROOT; };
		9AEE41F319D92FE6003B4627 /* memory_stream.h */ = {isa = PBXFileReference; fileEncoding = 4; lastKnownFileType = sourcecode.c.h; name = memory_stream.h; path = include/test/memory_stream.h; sourceTree = SOURCE_ROOT; };
		9AEE41F419D92FE6003B4627 /* memory_stream_unittest.h */ = {isa = PBXFileReference; fileEncoding = 4; lastKnownFileType = sourcecode.c.h; name = memory_stream_unittest.h; path = include/test/memory_stream_unittest.h; sourceTree = SOURCE_ROOT; };
		9AEE41F519D92FE6003B4627 /* fifo_buffer_unittest.h */ = {isa = PBXFileReference; fileEncoding = 4; lastKnownFileType = sourcecode.c.h; name = fifo_buffer_unittest.h; path = include/test/fifo_buffer_unittest.h; sourceTree = SOURCE_ROOT; };
		9AEE41F619D95263003B4627 /* libcurses.dylib */ = {isa = PBXFileReference; lastKnownFileType = "compiled.mach-o.dylib"; name = libcurses.dylib; path = usr/lib/libcurses.dylib; sourceTree = SDKROOT; };
/* End PBXFileReference section */

/* Begin PBXFrameworksBuildPhase section */
		9ABE1F4719A499930096298B /* Frameworks */ = {
			isa = PBXFrameworksBuildPhase;
			buildActionMask = 2147483647;
			files = (
				9AEE41F719D95263003B4627 /* libcurses.dylib in Frameworks */,
			);
			runOnlyForDeploymentPostprocessing = 0;
		};
/* End PBXFrameworksBuildPhase section */

/* Begin PBXGroup section */
		9ABE1F4119A499930096298B = {
			isa = PBXGroup;
			children = (
				9AEE41F619D95263003B4627 /* libcurses.dylib */,
				9ABE1F4C19A499930096298B /* pseudoTCP */,
				9ABE1F4B19A499930096298B /* Products */,
			);
			sourceTree = "<group>";
		};
		9ABE1F4B19A499930096298B /* Products */ = {
			isa = PBXGroup;
			children = (
				9ABE1F4A19A499930096298B /* pseudoTCP */,
			);
			name = Products;
			sourceTree = "<group>";
		};
		9ABE1F4C19A499930096298B /* pseudoTCP */ = {
			isa = PBXGroup;
			children = (
				B2281BA619A4F0530070EDF9 /* src */,
				9ABE1F5719A499BC0096298B /* include */,
			);
			path = pseudoTCP;
			sourceTree = "<group>";
		};
		9ABE1F5719A499BC0096298B /* include */ = {
			isa = PBXGroup;
			children = (
				9AEE41E019D92FC9003B4627 /* test */,
				9AEE418F19D90B37003B4627 /* CUnit */,
				9AEE41C119D92D93003B4627 /* mi_util.h */,
				9AEE41BA19D92D80003B4627 /* segment_list.h */,
				9AEE41BB19D92D80003B4627 /* pseudo_tcp.h */,
				9AEE41BC19D92D80003B4627 /* pseudo_tcp_porting.h */,
				9AEE41BD19D92D80003B4627 /* pseudo_tcp_int.h */,
				9AEE41BE19D92D80003B4627 /* mi_types.h */,
				9AEE41BF19D92D80003B4627 /* fifo_buffer.h */,
				9AEE41C019D92D80003B4627 /* byteorder.h */,
			);
			name = include;
			sourceTree = "<group>";
		};
		9AEE412B19D901A2003B4627 /* CUnit */ = {
			isa = PBXGroup;
			children = (
				9AEE41A819D90C03003B4627 /* Util.c */,
				9AEE41A919D90C03003B4627 /* TestRun.c */,
				9AEE41AA19D90C03003B4627 /* TestDB.c */,
				9AEE41AB19D90C03003B4627 /* MyMem.c */,
				9AEE41AC19D90C03003B4627 /* Curses.c */,
				9AEE41AD19D90C03003B4627 /* CUError.c */,
				9AEE41AE19D90C03003B4627 /* Console.c */,
				9AEE41AF19D90C03003B4627 /* Basic.c */,
				9AEE41B019D90C03003B4627 /* Automated.c */,
			);
			name = CUnit;
			sourceTree = "<group>";
		};
		9AEE418F19D90B37003B4627 /* CUnit */ = {
			isa = PBXGroup;
			children = (
				9AEE419C19D90BF8003B4627 /* wxWidget.h */,
				9AEE419D19D90BF8003B4627 /* Util.h */,
				9AEE419E19D90BF8003B4627 /* TestRun.h */,
				9AEE419F19D90BF8003B4627 /* TestDB.h */,
				9AEE41A019D90BF8003B4627 /* MyMem.h */,
				9AEE41A119D90BF8003B4627 /* CUnit.h */,
				9AEE41A219D90BF8003B4627 /* CUnit_intl.h */,
				9AEE41A319D90BF8003B4627 /* CUError.h */,
				9AEE41A419D90BF8003B4627 /* CUCurses.h */,
				9AEE41A519D90BF8003B4627 /* Console.h */,
				9AEE41A619D90BF8003B4627 /* Basic.h */,
				9AEE41A719D90BF8003B4627 /* Automated.h */,
			);
			name = CUnit;
			sourceTree = "<group>";
		};
		9AEE41E019D92FC9003B4627 /* test */ = {
			isa = PBXGroup;
			children = (
				9AEE41F019D92FE6003B4627 /* segment_list_unittest.h */,
				9AEE41F119D92FE6003B4627 /* pseudo_tcp_unittest.h */,
				9AEE41F219D92FE6003B4627 /* message_queue.h */,
				9AEE41F319D92FE6003B4627 /* memory_stream.h */,
				9AEE41F419D92FE6003B4627 /* memory_stream_unittest.h */,
				9AEE41F519D92FE6003B4627 /* fifo_buffer_unittest.h */,
			);
			name = test;
			sourceTree = "<group>";
		};
		9AEE41E119D92FCD003B4627 /* test */ = {
			isa = PBXGroup;
			children = (
				9AEE41E219D92FD7003B4627 /* segment_list_unittest.c */,
				9AEE41E319D92FD7003B4627 /* pseudo_tcp_unittest.c */,
				9AEE41E419D92FD7003B4627 /* message_queue.c */,
				9AEE41E519D92FD7003B4627 /* memory_stream.c */,
				9AEE41E619D92FD7003B4627 /* memory_stream_unittest.c */,
				9AEE41E719D92FD7003B4627 /* main.c */,
				9AEE41E819D92FD7003B4627 /* fifo_buffer_unittest.c */,
			);
			name = test;
			sourceTree = "<group>";
		};
		B2281BA619A4F0530070EDF9 /* src */ = {
			isa = PBXGroup;
			children = (
				9AEE41E119D92FCD003B4627 /* test */,
				9AEE412B19D901A2003B4627 /* CUnit */,
				9AEE41C219D92D99003B4627 /* segment_list.c */,
				9AEE41C319D92D99003B4627 /* pseudo_tcp.c */,
				9AEE41C419D92D99003B4627 /* pseudo_tcp_porting.c */,
				9AEE41C519D92D99003B4627 /* mi_util.c */,
				9AEE41C619D92D99003B4627 /* fifo_buffer.c */,
			);
			name = src;
			sourceTree = "<group>";
		};
/* End PBXGroup section */

/* Begin PBXNativeTarget section */
		9ABE1F4919A499930096298B /* pseudoTCP */ = {
			isa = PBXNativeTarget;
			buildConfigurationList = 9ABE1F5319A499930096298B /* Build configuration list for PBXNativeTarget "pseudoTCP" */;
			buildPhases = (
				9ABE1F4619A499930096298B /* Sources */,
				9ABE1F4719A499930096298B /* Frameworks */,
				9ABE1F4819A499930096298B /* CopyFiles */,
			);
			buildRules = (
			);
			dependencies = (
			);
			name = pseudoTCP;
			productName = pseudoTCP;
			productReference = 9ABE1F4A19A499930096298B /* pseudoTCP */;
			productType = "com.apple.product-type.tool";
		};
/* End PBXNativeTarget section */

/* Begin PBXProject section */
		9ABE1F4219A499930096298B /* Project object */ = {
			isa = PBXProject;
			attributes = {
				LastUpgradeCheck = 0600;
				ORGANIZATIONNAME = "Liao KuoHsun";
			};
			buildConfigurationList = 9ABE1F4519A499930096298B /* Build configuration list for PBXProject "pseudoTCP" */;
			compatibilityVersion = "Xcode 3.2";
			developmentRegion = English;
			hasScannedForEncodings = 0;
			knownRegions = (
				en,
			);
			mainGroup = 9ABE1F4119A499930096298B;
			productRefGroup = 9ABE1F4B19A499930096298B /* Products */;
			projectDirPath = "";
			projectRoot = "";
			targets = (
				9ABE1F4919A499930096298B /* pseudoTCP */,
			);
		};
/* End PBXProject section */

/* Begin PBXSourcesBuildPhase section */
		9ABE1F4619A499930096298B /* Sources */ = {
			isa = PBXSourcesBuildPhase;
			buildActionMask = 2147483647;
			files = (
				9AEE41EE19D92FD7003B4627 /* main.c in Sources */,
				9AEE41ED19D92FD7003B4627 /* memory_stream_unittest.c in Sources */,
				9AEE41EC19D92FD7003B4627 /* memory_stream.c in Sources */,
				9AEE41B119D90C03003B4627 /* Util.c in Sources */,
				9AEE41B319D90C03003B4627 /* TestDB.c in Sources */,
				9AEE41B519D90C03003B4627 /* Curses.c in Sources */,
				9AEE41B819D90C03003B4627 /* Basic.c in Sources */,
				9AEE41CA19D92D99003B4627 /* mi_util.c in Sources */,
				9AEE41EB19D92FD7003B4627 /* message_queue.c in Sources */,
				9AEE41B619D90C03003B4627 /* CUError.c in Sources */,
				9AEE41B419D90C03003B4627 /* MyMem.c in Sources */,
				9AEE41CB19D92D99003B4627 /* fifo_buffer.c in Sources */,
				9AEE41B219D90C03003B4627 /* TestRun.c in Sources */,
				9AEE41B919D90C03003B4627 /* Automated.c in Sources */,
				9AEE41C819D92D99003B4627 /* pseudo_tcp.c in Sources */,
				9AEE41EA19D92FD7003B4627 /* pseudo_tcp_unittest.c in Sources */,
				9AEE41C919D92D99003B4627 /* pseudo_tcp_porting.c in Sources */,
				9AEE41B719D90C03003B4627 /* Console.c in Sources */,
				9AEE41EF19D92FD7003B4627 /* fifo_buffer_unittest.c in Sources */,
				9AEE41E919D92FD7003B4627 /* segment_list_unittest.c in Sources */,
				9AEE41C719D92D99003B4627 /* segment_list.c in Sources */,
			);
			runOnlyForDeploymentPostprocessing = 0;
		};
/* End PBXSourcesBuildPhase section */

/* Begin XCBuildConfiguration section */
		9ABE1F5119A499930096298B /* Debug */ = {
			isa = XCBuildConfiguration;
			buildSettings = {
				ALWAYS_SEARCH_USER_PATHS = NO;
				CLANG_CXX_LANGUAGE_STANDARD = "gnu++0x";
				CLANG_CXX_LIBRARY = "libc++";
				CLANG_ENABLE_MODULES = YES;
				CLANG_ENABLE_OBJC_ARC = YES;
				CLANG_WARN_BOOL_CONVERSION = YES;
				CLANG_WARN_CONSTANT_CONVERSION = YES;
				CLANG_WARN_DIRECT_OBJC_ISA_USAGE = YES_ERROR;
				CLANG_WARN_EMPTY_BODY = YES;
				CLANG_WARN_ENUM_CONVERSION = YES;
				CLANG_WARN_INT_CONVERSION = YES;
				CLANG_WARN_OBJC_ROOT_CLASS = YES_ERROR;
				CLANG_WARN__DUPLICATE_METHOD_MATCH = YES;
				COPY_PHASE_STRIP = NO;
				GCC_C_LANGUAGE_STANDARD = gnu99;
				GCC_DYNAMIC_NO_PIC = NO;
				GCC_ENABLE_OBJC_EXCEPTIONS = YES;
				GCC_OPTIMIZATION_LEVEL = 0;
				GCC_PREPROCESSOR_DEFINITIONS = (
					"DEBUG=1",
					"$(inherited)",
					"NCURSES_OPAQUE=0",
				);
				GCC_SYMBOLS_PRIVATE_EXTERN = NO;
				GCC_WARN_64_TO_32_BIT_CONVERSION = YES;
				GCC_WARN_ABOUT_RETURN_TYPE = YES_ERROR;
				GCC_WARN_UNDECLARED_SELECTOR = YES;
				GCC_WARN_UNINITIALIZED_AUTOS = YES_AGGRESSIVE;
				GCC_WARN_UNUSED_FUNCTION = YES;
				GCC_WARN_UNUSED_VARIABLE = YES;
				MACOSX_DEPLOYMENT_TARGET = 10.9;
				ONLY_ACTIVE_ARCH = YES;
				SDKROOT = macosx;
			};
			name = Debug;
		};
		9ABE1F5219A499930096298B /* Release */ = {
			isa = XCBuildConfiguration;
			buildSettings = {
				ALWAYS_SEARCH_USER_PATHS = NO;
				CLANG_CXX_LANGUAGE_STANDARD = "gnu++0x";
				CLANG_CXX_LIBRARY = "libc++";
				CLANG_ENABLE_MODULES = YES;
				CLANG_ENABLE_OBJC_ARC = YES;
				CLANG_WARN_BOOL_CONVERSION = YES;
				CLANG_WARN_CONSTANT_CONVERSION = YES;
				CLANG_WARN_DIRECT_OBJC_ISA_USAGE = YES_ERROR;
				CLANG_WARN_EMPTY_BODY = YES;
				CLANG_WARN_ENUM_CONVERSION = YES;
				CLANG_WARN_INT_CONVERSION = YES;
				CLANG_WARN_OBJC_ROOT_CLASS = YES_ERROR;
				CLANG_WARN__DUPLICATE_METHOD_MATCH = YES;
				COPY_PHASE_STRIP = YES;
				DEBUG_INFORMATION_FORMAT = "dwarf-with-dsym";
				ENABLE_NS_ASSERTIONS = NO;
				GCC_C_LANGUAGE_STANDARD = gnu99;
				GCC_ENABLE_OBJC_EXCEPTIONS = YES;
				GCC_WARN_64_TO_32_BIT_CONVERSION = YES;
				GCC_WARN_ABOUT_RETURN_TYPE = YES_ERROR;
				GCC_WARN_UNDECLARED_SELECTOR = YES;
				GCC_WARN_UNINITIALIZED_AUTOS = YES_AGGRESSIVE;
				GCC_WARN_UNUSED_FUNCTION = YES;
				GCC_WARN_UNUSED_VARIABLE = YES;
				MACOSX_DEPLOYMENT_TARGET = 10.9;
				ONLY_ACTIVE_ARCH = NO;
				SDKROOT = macosx;
			};
			name = Release;
		};
		9ABE1F5419A499930096298B /* Debug */ = {
			isa = XCBuildConfiguration;
			buildSettings = {
				GCC_C_LANGUAGE_STANDARD = gnu99;
				HEADER_SEARCH_PATHS = (
					"$(inherited)",
					/Applications/Xcode.app/Contents/Developer/Toolchains/XcodeDefault.xctoolchain/usr/include,
					include/,
				);
				LIBRARY_SEARCH_PATHS = "";
				PRODUCT_NAME = "$(TARGET_NAME)";
			};
			name = Debug;
		};
		9ABE1F5519A499930096298B /* Release */ = {
			isa = XCBuildConfiguration;
			buildSettings = {
				GCC_C_LANGUAGE_STANDARD = gnu99;
				HEADER_SEARCH_PATHS = (
					"$(inherited)",
					/Applications/Xcode.app/Contents/Developer/Toolchains/XcodeDefault.xctoolchain/usr/include,
					include/,
				);
				LIBRARY_SEARCH_PATHS = "";
				PRODUCT_NAME = "$(TARGET_NAME)";
			};
			name = Release;
		};
/* End XCBuildConfiguration section */

/* Begin XCConfigurationList section */
		9ABE1F4519A499930096298B /* Build configuration list for PBXProject "pseudoTCP" */ = {
			isa = XCConfigurationList;
			buildConfigurations = (
				9ABE1F5119A499930096298B /* Debug */,
				9ABE1F5219A499930096298B /* Release */,
			);
			defaultConfigurationIsVisible = 0;
			defaultConfigurationName = Release;
		};
		9ABE1F5319A499930096298B /* Build configuration list for PBXNativeTarget "pseudoTCP" */ = {
			isa = XCConfigurationList;
			buildConfigurations = (
				9ABE1F5419A499930096298B /* Debug */,
				9ABE1F5519A499930096298B /* Release */,
			);
			defaultConfigurationIsVisible = 0;
			defaultConfigurationName = Release;
		};
/* End XCConfigurationList section */
	};
	rootObject = 9ABE1F4219A499930096298B /* Project object */;
}
